
Microsoft Visual Studio Solution File, Format Version 12.00
# Visual Studio Version 16
VisualStudioVersion = 16.0.32228.343
MinimumVisualStudioVersion = 10.0.40219.1
Project("{FAE04EC0-301F-11D3-BF4B-00C04F79EFBC}") = "Raspberry-pi-test-code", "WebApplication4\Raspberry-pi-test-code.csproj", "{9F729ACD-DF30-4663-96B7-309F2B581FAA}"
EndProject
Global
	GlobalSection(SolutionConfigurationPlatforms) = preSolution
		Debug|Any CPU = Debug|Any CPU
		Release|Any CPU = Release|Any CPU
	EndGlobalSection
	GlobalSection(ProjectConfigurationPlatforms) = postSolution
		{9F729ACD-DF30-4663-96B7-309F2B581FAA}.Debug|Any CPU.ActiveCfg = Debug|Any CPU
		{9F729ACD-DF30-4663-96B7-309F2B581FAA}.Debug|Any CPU.Build.0 = Debug|Any CPU
		{9F729ACD-DF30-4663-96B7-309F2B581FAA}.Release|Any CPU.ActiveCfg = Release|Any CPU
		{9F729ACD-DF30-4663-96B7-309F2B581FAA}.Release|Any CPU.Build.0 = Release|Any CPU
	EndGlobalSection
	GlobalSection(SolutionProperties) = preSolution
		HideSolutionNode = FALSE
	EndGlobalSection
	GlobalSection(ExtensibilityGlobals) = postSolution
		SolutionGuid = {C184EAAE-8455-4D57-B0D1-1D90DE7BFB77}
	EndGlobalSection
EndGlobal
